// !$*UTF8*$!
{
	archiveVersion = 1;
	classes = {
	};
	objectVersion = 77;
	objects = {

/* Begin PBXBuildFile section */
		A5C3D0D32DED260B00B8889E /* SuperwallKit in Frameworks */ = {isa = PBXBuildFile; productRef = A5C3D0D22DED260B00B8889E /* SuperwallKit */; };
/* End PBXBuildFile section */

/* Begin PBXContainerItemProxy section */
		A5C3D0782DEBE70300B8889E /* PBXContainerItemProxy */ = {
			isa = PBXContainerItemProxy;
			containerPortal = A5C3D05F2DEBE70200B8889E /* Project object */;
			proxyType = 1;
			remoteGlobalIDString = A5C3D0662DEBE70200B8889E;
			remoteInfo = "Swift-Boilerplate";
		};
		A5C3D0822DEBE70300B8889E /* PBXContainerItemProxy */ = {
			isa = PBXContainerItemProxy;
			containerPortal = A5C3D05F2DEBE70200B8889E /* Project object */;
			proxyType = 1;
			remoteGlobalIDString = A5C3D0662DEBE70200B8889E;
			remoteInfo = "Swift-Boilerplate";
		};
/* End PBXContainerItemProxy section */

/* Begin PBXFileReference section */
		A5C3D0672DEBE70200B8889E /* Swift-Boilerplate.app */ = {isa = PBXFileReference; explicitFileType = wrapper.application; includeInIndex = 0; path = "Swift-Boilerplate.app"; sourceTree = BUILT_PRODUCTS_DIR; };
		A5C3D0772DEBE70300B8889E /* Swift-BoilerplateTests.xctest */ = {isa = PBXFileReference; explicitFileType = wrapper.cfbundle; includeInIndex = 0; path = "Swift-BoilerplateTests.xctest"; sourceTree = BUILT_PRODUCTS_DIR; };
		A5C3D0812DEBE70300B8889E /* Swift-BoilerplateUITests.xctest */ = {isa = PBXFileReference; explicitFileType = wrapper.cfbundle; includeInIndex = 0; path = "Swift-BoilerplateUITests.xctest"; sourceTree = BUILT_PRODUCTS_DIR; };
/* End PBXFileReference section */

/* Begin PBXFileSystemSynchronizedRootGroup section */
		A5C3D0692DEBE70200B8889E /* Swift-Boilerplate */ = {
			isa = PBXFileSystemSynchronizedRootGroup;
			path = "Swift-Boilerplate";
			sourceTree = "<group>";
		};
		A5C3D07A2DEBE70300B8889E /* Swift-BoilerplateTests */ = {
			isa = PBXFileSystemSynchronizedRootGroup;
			path = "Swift-BoilerplateTests";
			sourceTree = "<group>";
		};
		A5C3D0842DEBE70300B8889E /* Swift-BoilerplateUITests */ = {
			isa = PBXFileSystemSynchronizedRootGroup;
			path = "Swift-BoilerplateUITests";
			sourceTree = "<group>";
		};
/* End PBXFileSystemSynchronizedRootGroup section */

/* Begin PBXFrameworksBuildPhase section */
		A5C3D0642DEBE70200B8889E /* Frameworks */ = {
			isa = PBXFrameworksBuildPhase;
			buildActionMask = 2147483647;
			files = (
				A5C3D0D32DED260B00B8889E /* SuperwallKit in Frameworks */,
			);
			runOnlyForDeploymentPostprocessing = 0;
		};
		A5C3D0742DEBE70300B8889E /* Frameworks */ = {
			isa = PBXFrameworksBuildPhase;
			buildActionMask = 2147483647;
			files = (
			);
			runOnlyForDeploymentPostprocessing = 0;
		};
		A5C3D07E2DEBE70300B8889E /* Frameworks */ = {
			isa = PBXFrameworksBuildPhase;
			buildActionMask = 2147483647;
			files = (
			);
			runOnlyForDeploymentPostprocessing = 0;
		};
/* End PBXFrameworksBuildPhase section */

/* Begin PBXGroup section */
		A5C3D05E2DEBE70200B8889E = {
			isa = PBXGroup;
			children = (
				A5C3D0692DEBE70200B8889E /* Swift-Boilerplate */,
				A5C3D07A2DEBE70300B8889E /* Swift-BoilerplateTests */,
				A5C3D0842DEBE70300B8889E /* Swift-BoilerplateUITests */,
				A5C3D0682DEBE70200B8889E /* Products */,
			);
			sourceTree = "<group>";
		};
		A5C3D0682DEBE70200B8889E /* Products */ = {
			isa = PBXGroup;
			children = (
				A5C3D0672DEBE70200B8889E /* Swift-Boilerplate.app */,
				A5C3D0772DEBE70300B8889E /* Swift-BoilerplateTests.xctest */,
				A5C3D0812DEBE70300B8889E /* Swift-BoilerplateUITests.xctest */,
			);
			name = Products;
			sourceTree = "<group>";
		};
/* End PBXGroup section */

/* Begin PBXNativeTarget section */
		A5C3D0662DEBE70200B8889E /* Swift-Boilerplate */ = {
			isa = PBXNativeTarget;
			buildConfigurationList = A5C3D08B2DEBE70300B8889E /* Build configuration list for PBXNativeTarget "Swift-Boilerplate" */;
			buildPhases = (
				A5C3D0632DEBE70200B8889E /* Sources */,
				A5C3D0642DEBE70200B8889E /* Frameworks */,
				A5C3D0652DEBE70200B8889E /* Resources */,
			);
			buildRules = (
			);
			dependencies = (
			);
			fileSystemSynchronizedGroups = (
				A5C3D0692DEBE70200B8889E /* Swift-Boilerplate */,
			);
			name = "Swift-Boilerplate";
			packageProductDependencies = (
				A5C3D0D22DED260B00B8889E /* SuperwallKit */,
			);
			productName = "Swift-Boilerplate";
			productReference = A5C3D0672DEBE70200B8889E /* Swift-Boilerplate.app */;
			productType = "com.apple.product-type.application";
		};
		A5C3D0762DEBE70300B8889E /* Swift-BoilerplateTests */ = {
			isa = PBXNativeTarget;
			buildConfigurationList = A5C3D08E2DEBE70300B8889E /* Build configuration list for PBXNativeTarget "Swift-BoilerplateTests" */;
			buildPhases = (
				A5C3D0732DEBE70300B8889E /* Sources */,
				A5C3D0742DEBE70300B8889E /* Frameworks */,
				A5C3D0752DEBE70300B8889E /* Resources */,
			);
			buildRules = (
			);
			dependencies = (
				A5C3D0792DEBE70300B8889E /* PBXTargetDependency */,
			);
			fileSystemSynchronizedGroups = (
				A5C3D07A2DEBE70300B8889E /* Swift-BoilerplateTests */,
			);
			name = "Swift-BoilerplateTests";
			packageProductDependencies = (
			);
			productName = "Swift-BoilerplateTests";
			productReference = A5C3D0772DEBE70300B8889E /* Swift-BoilerplateTests.xctest */;
			productType = "com.apple.product-type.bundle.unit-test";
		};
		A5C3D0802DEBE70300B8889E /* Swift-BoilerplateUITests */ = {
			isa = PBXNativeTarget;
			buildConfigurationList = A5C3D0912DEBE70300B8889E /* Build configuration list for PBXNativeTarget "Swift-BoilerplateUITests" */;
			buildPhases = (
				A5C3D07D2DEBE70300B8889E /* Sources */,
				A5C3D07E2DEBE70300B8889E /* Frameworks */,
				A5C3D07F2DEBE70300B8889E /* Resources */,
			);
			buildRules = (
			);
			dependencies = (
				A5C3D0832DEBE70300B8889E /* PBXTargetDependency */,
			);
			fileSystemSynchronizedGroups = (
				A5C3D0842DEBE70300B8889E /* Swift-BoilerplateUITests */,
			);
			name = "Swift-BoilerplateUITests";
			packageProductDependencies = (
			);
			productName = "Swift-BoilerplateUITests";
			productReference = A5C3D0812DEBE70300B8889E /* Swift-BoilerplateUITests.xctest */;
			productType = "com.apple.product-type.bundle.ui-testing";
		};
/* End PBXNativeTarget section */

/* Begin PBXProject section */
		A5C3D05F2DEBE70200B8889E /* Project object */ = {
			isa = PBXProject;
			attributes = {
				BuildIndependentTargetsInParallel = 1;
				LastSwiftUpdateCheck = 1620;
				LastUpgradeCheck = 1620;
				TargetAttributes = {
					A5C3D0662DEBE70200B8889E = {
						CreatedOnToolsVersion = 16.2;
					};
					A5C3D0762DEBE70300B8889E = {
						CreatedOnToolsVersion = 16.2;
						TestTargetID = A5C3D0662DEBE70200B8889E;
					};
					A5C3D0802DEBE70300B8889E = {
						CreatedOnToolsVersion = 16.2;
						TestTargetID = A5C3D0662DEBE70200B8889E;
					};
				};
			};
			buildConfigurationList = A5C3D0622DEBE70200B8889E /* Build configuration list for PBXProject "Swift-Boilerplate" */;
			developmentRegion = en;
			hasScannedForEncodings = 0;
			knownRegions = (
				en,
				Base,
			);
			mainGroup = A5C3D05E2DEBE70200B8889E;
			minimizedProjectReferenceProxies = 1;
			packageReferences = (
				A5C3D0D12DED260B00B8889E /* XCRemoteSwiftPackageReference "Superwall-iOS" */,
			);
			preferredProjectObjectVersion = 77;
			productRefGroup = A5C3D0682DEBE70200B8889E /* Products */;
			projectDirPath = "";
			projectRoot = "";
			targets = (
				A5C3D0662DEBE70200B8889E /* Swift-Boilerplate */,
				A5C3D0762DEBE70300B8889E /* Swift-BoilerplateTests */,
				A5C3D0802DEBE70300B8889E /* Swift-BoilerplateUITests */,
			);
		};
/* End PBXProject section */

/* Begin PBXResourcesBuildPhase section */
		A5C3D0652DEBE70200B8889E /* Resources */ = {
			isa = PBXResourcesBuildPhase;
			buildActionMask = 2147483647;
			files = (
			);
			runOnlyForDeploymentPostprocessing = 0;
		};
		A5C3D0752DEBE70300B8889E /* Resources */ = {
			isa = PBXResourcesBuildPhase;
			buildActionMask = 2147483647;
			files = (
			);
			runOnlyForDeploymentPostprocessing = 0;
		};
		A5C3D07F2DEBE70300B8889E /* Resources */ = {
			isa = PBXResourcesBuildPhase;
			buildActionMask = 2147483647;
			files = (
			);
			runOnlyForDeploymentPostprocessing = 0;
		};
/* End PBXResourcesBuildPhase section */

/* Begin PBXSourcesBuildPhase section */
		A5C3D0632DEBE70200B8889E /* Sources */ = {
			isa = PBXSourcesBuildPhase;
			buildActionMask = 2147483647;
			files = (
			);
			runOnlyForDeploymentPostprocessing = 0;
		};
		A5C3D0732DEBE70300B8889E /* Sources */ = {
			isa = PBXSourcesBuildPhase;
			buildActionMask = 2147483647;
			files = (
			);
			runOnlyForDeploymentPostprocessing = 0;
		};
		A5C3D07D2DEBE70300B8889E /* Sources */ = {
			isa = PBXSourcesBuildPhase;
			buildActionMask = 2147483647;
			files = (
			);
			runOnlyForDeploymentPostprocessing = 0;
		};
/* End PBXSourcesBuildPhase section */

/* Begin PBXTargetDependency section */
		A5C3D0792DEBE70300B8889E /* PBXTargetDependency */ = {
			isa = PBXTargetDependency;
			target = A5C3D0662DEBE70200B8889E /* Swift-Boilerplate */;
			targetProxy = A5C3D0782DEBE70300B8889E /* PBXContainerItemProxy */;
		};
		A5C3D0832DEBE70300B8889E /* PBXTargetDependency */ = {
			isa = PBXTargetDependency;
			target = A5C3D0662DEBE70200B8889E /* Swift-Boilerplate */;
			targetProxy = A5C3D0822DEBE70300B8889E /* PBXContainerItemProxy */;
		};
/* End PBXTargetDependency section */

/* Begin XCBuildConfiguration section */
		A5C3D0892DEBE70300B8889E /* Debug */ = {
			isa = XCBuildConfiguration;
			buildSettings = {
				ALWAYS_SEARCH_USER_PATHS = NO;
				ASSETCATALOG_COMPILER_GENERATE_SWIFT_ASSET_SYMBOL_EXTENSIONS = YES;
				CLANG_ANALYZER_NONNULL = YES;
				CLANG_ANALYZER_NUMBER_OBJECT_CONVERSION = YES_AGGRESSIVE;
				CLANG_CXX_LANGUAGE_STANDARD = "gnu++20";
				CLANG_ENABLE_MODULES = YES;
				CLANG_ENABLE_OBJC_ARC = YES;
				CLANG_ENABLE_OBJC_WEAK = YES;
				CLANG_WARN_BLOCK_CAPTURE_AUTORELEASING = YES;
				CLANG_WARN_BOOL_CONVERSION = YES;
				CLANG_WARN_COMMA = YES;
				CLANG_WARN_CONSTANT_CONVERSION = YES;
				CLANG_WARN_DEPRECATED_OBJC_IMPLEMENTATIONS = YES;
				CLANG_WARN_DIRECT_OBJC_ISA_USAGE = YES_ERROR;
				CLANG_WARN_DOCUMENTATION_COMMENTS = YES;
				CLANG_WARN_EMPTY_BODY = YES;
				CLANG_WARN_ENUM_CONVERSION = YES;
				CLANG_WARN_INFINITE_RECURSION = YES;
				CLANG_WARN_INT_CONVERSION = YES;
				CLANG_WARN_NON_LITERAL_NULL_CONVERSION = YES;
				CLANG_WARN_OBJC_IMPLICIT_RETAIN_SELF = YES;
				CLANG_WARN_OBJC_LITERAL_CONVERSION = YES;
				CLANG_WARN_OBJC_ROOT_CLASS = YES_ERROR;
				CLANG_WARN_QUOTED_INCLUDE_IN_FRAMEWORK_HEADER = YES;
				CLANG_WARN_RANGE_LOOP_ANALYSIS = YES;
				CLANG_WARN_STRICT_PROTOTYPES = YES;
				CLANG_WARN_SUSPICIOUS_MOVE = YES;
				CLANG_WARN_UNGUARDED_AVAILABILITY = YES_AGGRESSIVE;
				CLANG_WARN_UNREACHABLE_CODE = YES;
				CLANG_WARN__DUPLICATE_METHOD_MATCH = YES;
				COPY_PHASE_STRIP = NO;
				DEBUG_INFORMATION_FORMAT = dwarf;
				ENABLE_STRICT_OBJC_MSGSEND = YES;
				ENABLE_TESTABILITY = YES;
				ENABLE_USER_SCRIPT_SANDBOXING = YES;
				GCC_C_LANGUAGE_STANDARD = gnu17;
				GCC_DYNAMIC_NO_PIC = NO;
				GCC_NO_COMMON_BLOCKS = YES;
				GCC_OPTIMIZATION_LEVEL = 0;
				GCC_PREPROCESSOR_DEFINITIONS = (
					"DEBUG=1",
					"$(inherited)",
				);
				GCC_WARN_64_TO_32_BIT_CONVERSION = YES;
				GCC_WARN_ABOUT_RETURN_TYPE = YES_ERROR;
				GCC_WARN_UNDECLARED_SELECTOR = YES;
				GCC_WARN_UNINITIALIZED_AUTOS = YES_AGGRESSIVE;
				GCC_WARN_UNUSED_FUNCTION = YES;
				GCC_WARN_UNUSED_VARIABLE = YES;
				IPHONEOS_DEPLOYMENT_TARGET = 18.2;
				LOCALIZATION_PREFERS_STRING_CATALOGS = YES;
				MTL_ENABLE_DEBUG_INFO = INCLUDE_SOURCE;
				MTL_FAST_MATH = YES;
				ONLY_ACTIVE_ARCH = YES;
				SDKROOT = iphoneos;
				SWIFT_ACTIVE_COMPILATION_CONDITIONS = "DEBUG $(inherited)";
				SWIFT_OPTIMIZATION_LEVEL = "-Onone";
			};
			name = Debug;
		};
		A5C3D08A2DEBE70300B8889E /* Release */ = {
			isa = XCBuildConfiguration;
			buildSettings = {
				ALWAYS_SEARCH_USER_PATHS = NO;
				ASSETCATALOG_COMPILER_GENERATE_SWIFT_ASSET_SYMBOL_EXTENSIONS = YES;
				CLANG_ANALYZER_NONNULL = YES;
				CLANG_ANALYZER_NUMBER_OBJECT_CONVERSION = YES_AGGRESSIVE;
				CLANG_CXX_LANGUAGE_STANDARD = "gnu++20";
				CLANG_ENABLE_MODULES = YES;
				CLANG_ENABLE_OBJC_ARC = YES;
				CLANG_ENABLE_OBJC_WEAK = YES;
				CLANG_WARN_BLOCK_CAPTURE_AUTORELEASING = YES;
				CLANG_WARN_BOOL_CONVERSION = YES;
				CLANG_WARN_COMMA = YES;
				CLANG_WARN_CONSTANT_CONVERSION = YES;
				CLANG_WARN_DEPRECATED_OBJC_IMPLEMENTATIONS = YES;
				CLANG_WARN_DIRECT_OBJC_ISA_USAGE = YES_ERROR;
				CLANG_WARN_DOCUMENTATION_COMMENTS = YES;
				CLANG_WARN_EMPTY_BODY = YES;
				CLANG_WARN_ENUM_CONVERSION = YES;
				CLANG_WARN_INFINITE_RECURSION = YES;
				CLANG_WARN_INT_CONVERSION = YES;
				CLANG_WARN_NON_LITERAL_NULL_CONVERSION = YES;
				CLANG_WARN_OBJC_IMPLICIT_RETAIN_SELF = YES;
				CLANG_WARN_OBJC_LITERAL_CONVERSION = YES;
				CLANG_WARN_OBJC_ROOT_CLASS = YES_ERROR;
				CLANG_WARN_QUOTED_INCLUDE_IN_FRAMEWORK_HEADER = YES;
				CLANG_WARN_RANGE_LOOP_ANALYSIS = YES;
				CLANG_WARN_STRICT_PROTOTYPES = YES;
				CLANG_WARN_SUSPICIOUS_MOVE = YES;
				CLANG_WARN_UNGUARDED_AVAILABILITY = YES_AGGRESSIVE;
				CLANG_WARN_UNREACHABLE_CODE = YES;
				CLANG_WARN__DUPLICATE_METHOD_MATCH = YES;
				COPY_PHASE_STRIP = NO;
				DEBUG_INFORMATION_FORMAT = "dwarf-with-dsym";
				ENABLE_NS_ASSERTIONS = NO;
				ENABLE_STRICT_OBJC_MSGSEND = YES;
				ENABLE_USER_SCRIPT_SANDBOXING = YES;
				GCC_C_LANGUAGE_STANDARD = gnu17;
				GCC_NO_COMMON_BLOCKS = YES;
				GCC_WARN_64_TO_32_BIT_CONVERSION = YES;
				GCC_WARN_ABOUT_RETURN_TYPE = YES_ERROR;
				GCC_WARN_UNDECLARED_SELECTOR = YES;
				GCC_WARN_UNINITIALIZED_AUTOS = YES_AGGRESSIVE;
				GCC_WARN_UNUSED_FUNCTION = YES;
				GCC_WARN_UNUSED_VARIABLE = YES;
				IPHONEOS_DEPLOYMENT_TARGET = 18.2;
				LOCALIZATION_PREFERS_STRING_CATALOGS = YES;
				MTL_ENABLE_DEBUG_INFO = NO;
				MTL_FAST_MATH = YES;
				SDKROOT = iphoneos;
				SWIFT_COMPILATION_MODE = wholemodule;
				VALIDATE_PRODUCT = YES;
			};
			name = Release;
		};
		A5C3D08C2DEBE70300B8889E /* Debug */ = {
			isa = XCBuildConfiguration;
			buildSettings = {
				ASSETCATALOG_COMPILER_APPICON_NAME = AppIcon;
				ASSETCATALOG_COMPILER_GLOBAL_ACCENT_COLOR_NAME = AccentColor;
				CODE_SIGN_STYLE = Automatic;
				CURRENT_PROJECT_VERSION = 1;
				DEVELOPMENT_ASSET_PATHS = "\"Swift-Boilerplate/Preview Content\"";
				DEVELOPMENT_TEAM = HAS3TRVNSF;
				ENABLE_PREVIEWS = YES;
				GENERATE_INFOPLIST_FILE = YES;
				INFOPLIST_KEY_UIApplicationSceneManifest_Generation = YES;
				INFOPLIST_KEY_UIApplicationSupportsIndirectInputEvents = YES;
				INFOPLIST_KEY_UILaunchScreen_Generation = YES;
				INFOPLIST_KEY_UISupportedInterfaceOrientations_iPad = "UIInterfaceOrientationPortrait UIInterfaceOrientationPortraitUpsideDown UIInterfaceOrientationLandscapeLeft UIInterfaceOrientationLandscapeRight";
				INFOPLIST_KEY_UISupportedInterfaceOrientations_iPhone = "UIInterfaceOrientationPortrait UIInterfaceOrientationLandscapeLeft UIInterfaceOrientationLandscapeRight";
				LD_RUNPATH_SEARCH_PATHS = (
					"$(inherited)",
					"@executable_path/Frameworks",
				);
				MARKETING_VERSION = 1.0;
				PRODUCT_BUNDLE_IDENTIFIER = "relative-companies.Swift-Boilerplate";
				PRODUCT_NAME = "$(TARGET_NAME)";
				SWIFT_EMIT_LOC_STRINGS = YES;
				SWIFT_VERSION = 5.0;
				TARGETED_DEVICE_FAMILY = "1,2";
			};
			name = Debug;
		};
		A5C3D08D2DEBE70300B8889E /* Release */ = {
			isa = XCBuildConfiguration;
			buildSettings = {
				ASSETCATALOG_COMPILER_APPICON_NAME = AppIcon;
				ASSETCATALOG_COMPILER_GLOBAL_ACCENT_COLOR_NAME = AccentColor;
				CODE_SIGN_STYLE = Automatic;
				CURRENT_PROJECT_VERSION = 1;
				DEVELOPMENT_ASSET_PATHS = "\"Swift-Boilerplate/Preview Content\"";
				DEVELOPMENT_TEAM = HAS3TRVNSF;
				ENABLE_PREVIEWS = YES;
				GENERATE_INFOPLIST_FILE = YES;
				INFOPLIST_KEY_UIApplicationSceneManifest_Generation = YES;
				INFOPLIST_KEY_UIApplicationSupportsIndirectInputEvents = YES;
				INFOPLIST_KEY_UILaunchScreen_Generation = YES;
				INFOPLIST_KEY_UISupportedInterfaceOrientations_iPad = "UIInterfaceOrientationPortrait UIInterfaceOrientationPortraitUpsideDown UIInterfaceOrientationLandscapeLeft UIInterfaceOrientationLandscapeRight";
				INFOPLIST_KEY_UISupportedInterfaceOrientations_iPhone = "UIInterfaceOrientationPortrait UIInterfaceOrientationLandscapeLeft UIInterfaceOrientationLandscapeRight";
				LD_RUNPATH_SEARCH_PATHS = (
					"$(inherited)",
					"@executable_path/Frameworks",
				);
				MARKETING_VERSION = 1.0;
				PRODUCT_BUNDLE_IDENTIFIER = "relative-companies.Swift-Boilerplate";
				PRODUCT_NAME = "$(TARGET_NAME)";
				SWIFT_EMIT_LOC_STRINGS = YES;
				SWIFT_VERSION = 5.0;
				TARGETED_DEVICE_FAMILY = "1,2";
			};
			name = Release;
		};
		A5C3D08F2DEBE70300B8889E /* Debug */ = {
			isa = XCBuildConfiguration;
			buildSettings = {
				BUNDLE_LOADER = "$(TEST_HOST)";
				CODE_SIGN_STYLE = Automatic;
				CURRENT_PROJECT_VERSION = 1;
				DEVELOPMENT_TEAM = HAS3TRVNSF;
				GENERATE_INFOPLIST_FILE = YES;
				IPHONEOS_DEPLOYMENT_TARGET = 18.2;
				MARKETING_VERSION = 1.0;
				PRODUCT_BUNDLE_IDENTIFIER = "relative-companies.Swift-BoilerplateTests";
				PRODUCT_NAME = "$(TARGET_NAME)";
				SWIFT_EMIT_LOC_STRINGS = NO;
				SWIFT_VERSION = 5.0;
				TARGETED_DEVICE_FAMILY = "1,2";
				TEST_HOST = "$(BUILT_PRODUCTS_DIR)/Swift-Boilerplate.app/$(BUNDLE_EXECUTABLE_FOLDER_PATH)/Swift-Boilerplate";
			};
			name = Debug;
		};
		A5C3D0902DEBE70300B8889E /* Release */ = {
			isa = XCBuildConfiguration;
			buildSettings = {
				BUNDLE_LOADER = "$(TEST_HOST)";
				CODE_SIGN_STYLE = Automatic;
				CURRENT_PROJECT_VERSION = 1;
				DEVELOPMENT_TEAM = HAS3TRVNSF;
				GENERATE_INFOPLIST_FILE = YES;
				IPHONEOS_DEPLOYMENT_TARGET = 18.2;
				MARKETING_VERSION = 1.0;
				PRODUCT_BUNDLE_IDENTIFIER = "relative-companies.Swift-BoilerplateTests";
				PRODUCT_NAME = "$(TARGET_NAME)";
				SWIFT_EMIT_LOC_STRINGS = NO;
				SWIFT_VERSION = 5.0;
				TARGETED_DEVICE_FAMILY = "1,2";
				TEST_HOST = "$(BUILT_PRODUCTS_DIR)/Swift-Boilerplate.app/$(BUNDLE_EXECUTABLE_FOLDER_PATH)/Swift-Boilerplate";
			};
			name = Release;
		};
		A5C3D0922DEBE70300B8889E /* Debug */ = {
			isa = XCBuildConfiguration;
			buildSettings = {
				CODE_SIGN_STYLE = Automatic;
				CURRENT_PROJECT_VERSION = 1;
				DEVELOPMENT_TEAM = HAS3TRVNSF;
				GENERATE_INFOPLIST_FILE = YES;
				MARKETING_VERSION = 1.0;
				PRODUCT_BUNDLE_IDENTIFIER = "relative-companies.Swift-BoilerplateUITests";
				PRODUCT_NAME = "$(TARGET_NAME)";
				SWIFT_EMIT_LOC_STRINGS = NO;
				SWIFT_VERSION = 5.0;
				TARGETED_DEVICE_FAMILY = "1,2";
				TEST_TARGET_NAME = "Swift-Boilerplate";
			};
			name = Debug;
		};
		A5C3D0932DEBE70300B8889E /* Release */ = {
			isa = XCBuildConfiguration;
			buildSettings = {
				CODE_SIGN_STYLE = Automatic;
				CURRENT_PROJECT_VERSION = 1;
				DEVELOPMENT_TEAM = HAS3TRVNSF;
				GENERATE_INFOPLIST_FILE = YES;
				MARKETING_VERSION = 1.0;
				PRODUCT_BUNDLE_IDENTIFIER = "relative-companies.Swift-BoilerplateUITests";
				PRODUCT_NAME = "$(TARGET_NAME)";
				SWIFT_EMIT_LOC_STRINGS = NO;
				SWIFT_VERSION = 5.0;
				TARGETED_DEVICE_FAMILY = "1,2";
				TEST_TARGET_NAME = "Swift-Boilerplate";
			};
			name = Release;
		};
/* End XCBuildConfiguration section */

/* Begin XCConfigurationList section */
		A5C3D0622DEBE70200B8889E /* Build configuration list for PBXProject "Swift-Boilerplate" */ = {
			isa = XCConfigurationList;
			buildConfigurations = (
				A5C3D0892DEBE70300B8889E /* Debug */,
				A5C3D08A2DEBE70300B8889E /* Release */,
			);
			defaultConfigurationIsVisible = 0;
			defaultConfigurationName = Release;
		};
		A5C3D08B2DEBE70300B8889E /* Build configuration list for PBXNativeTarget "Swift-Boilerplate" */ = {
			isa = XCConfigurationList;
			buildConfigurations = (
				A5C3D08C2DEBE70300B8889E /* Debug */,
				A5C3D08D2DEBE70300B8889E /* Release */,
			);
			defaultConfigurationIsVisible = 0;
			defaultConfigurationName = Release;
		};
		A5C3D08E2DEBE70300B8889E /* Build configuration list for PBXNativeTarget "Swift-BoilerplateTests" */ = {
			isa = XCConfigurationList;
			buildConfigurations = (
				A5C3D08F2DEBE70300B8889E /* Debug */,
				A5C3D0902DEBE70300B8889E /* Release */,
			);
			defaultConfigurationIsVisible = 0;
			defaultConfigurationName = Release;
		};
		A5C3D0912DEBE70300B8889E /* Build configuration list for PBXNativeTarget "Swift-BoilerplateUITests" */ = {
			isa = XCConfigurationList;
			buildConfigurations = (
				A5C3D0922DEBE70300B8889E /* Debug */,
				A5C3D0932DEBE70300B8889E /* Release */,
			);
			defaultConfigurationIsVisible = 0;
			defaultConfigurationName = Release;
		};
/* End XCConfigurationList section */

/* Begin XCRemoteSwiftPackageReference section */
		A5C3D0D12DED260B00B8889E /* XCRemoteSwiftPackageReference "Superwall-iOS" */ = {
			isa = XCRemoteSwiftPackageReference;
			repositoryURL = "https://github.com/superwall/Superwall-iOS";
			requirement = {
				kind = upToNextMajorVersion;
				minimumVersion = 4.4.1;
			};
		};
/* End XCRemoteSwiftPackageReference section */

/* Begin XCSwiftPackageProductDependency section */
		A5C3D0D22DED260B00B8889E /* SuperwallKit */ = {
			isa = XCSwiftPackageProductDependency;
			package = A5C3D0D12DED260B00B8889E /* XCRemoteSwiftPackageReference "Superwall-iOS" */;
			productName = SuperwallKit;
		};
/* End XCSwiftPackageProductDependency section */
	};
	rootObject = A5C3D05F2DEBE70200B8889E /* Project object */;
}
